// !$*UTF8*$!
{
	archiveVersion = 1;
	classes = {
	};
	objectVersion = 46;
	objects = {

/* Begin PBXBuildFile section */
		D0D2BAE21A9496EB0036F006 /* main.m in Sources */ = {isa = PBXBuildFile; fileRef = D0D2BAE11A9496EB0036F006 /* main.m */; };
		D0D2BAE51A9496EB0036F006 /* DGAppDelegate.m in Sources */ = {isa = PBXBuildFile; fileRef = D0D2BAE41A9496EB0036F006 /* DGAppDelegate.m */; };
		D0D2BAE81A9496EB0036F006 /* DGSearchViewController.m in Sources */ = {isa = PBXBuildFile; fileRef = D0D2BAE71A9496EB0036F006 /* DGSearchViewController.m */; };
		D0D2BAED1A9496EB0036F006 /* Images.xcassets in Resources */ = {isa = PBXBuildFile; fileRef = D0D2BAEC1A9496EB0036F006 /* Images.xcassets */; };
		D0D2BAF01A9496EB0036F006 /* LaunchScreen.xib in Resources */ = {isa = PBXBuildFile; fileRef = D0D2BAEE1A9496EB0036F006 /* LaunchScreen.xib */; };
		D0D2BB0A1A94E4150036F006 /* DGAuthViewController.m in Sources */ = {isa = PBXBuildFile; fileRef = D0D2BB091A94E4150036F006 /* DGAuthViewController.m */; };
		F6375D5ABDBDD5C048BAD60F /* libPods-DiscogsAPIDemo.a in Frameworks */ = {isa = PBXBuildFile; fileRef = BD88873B4D8D29D19D1516D7 /* libPods-DiscogsAPIDemo.a */; };
/* End PBXBuildFile section */

/* Begin PBXFileReference section */
		A35CD8BD0B229857D5DEAD8C /* Pods-DiscogsAPIDemo.debug.xcconfig */ = {isa = PBXFileReference; includeInIndex = 1; lastKnownFileType = text.xcconfig; name = "Pods-DiscogsAPIDemo.debug.xcconfig"; path = "Pods/Target Support Files/Pods-DiscogsAPIDemo/Pods-DiscogsAPIDemo.debug.xcconfig"; sourceTree = "<group>"; };
		BD88873B4D8D29D19D1516D7 /* libPods-DiscogsAPIDemo.a */ = {isa = PBXFileReference; explicitFileType = archive.ar; includeInIndex = 0; path = "libPods-DiscogsAPIDemo.a"; sourceTree = BUILT_PRODUCTS_DIR; };
		D0D2BADC1A9496EB0036F006 /* DiscogsAPIDemo.app */ = {isa = PBXFileReference; explicitFileType = wrapper.application; includeInIndex = 0; path = DiscogsAPIDemo.app; sourceTree = BUILT_PRODUCTS_DIR; };
		D0D2BAE01A9496EB0036F006 /* Info.plist */ = {isa = PBXFileReference; lastKnownFileType = text.plist.xml; path = Info.plist; sourceTree = "<group>"; };
		D0D2BAE11A9496EB0036F006 /* main.m */ = {isa = PBXFileReference; lastKnownFileType = sourcecode.c.objc; path = main.m; sourceTree = "<group>"; };
		D0D2BAE31A9496EB0036F006 /* DGAppDelegate.h */ = {isa = PBXFileReference; lastKnownFileType = sourcecode.c.h; path = DGAppDelegate.h; sourceTree = "<group>"; };
		D0D2BAE41A9496EB0036F006 /* DGAppDelegate.m */ = {isa = PBXFileReference; lastKnownFileType = sourcecode.c.objc; path = DGAppDelegate.m; sourceTree = "<group>"; };
		D0D2BAE61A9496EB0036F006 /* DGSearchViewController.h */ = {isa = PBXFileReference; lastKnownFileType = sourcecode.c.h; path = DGSearchViewController.h; sourceTree = "<group>"; };
		D0D2BAE71A9496EB0036F006 /* DGSearchViewController.m */ = {isa = PBXFileReference; lastKnownFileType = sourcecode.c.objc; path = DGSearchViewController.m; sourceTree = "<group>"; };
		D0D2BAEC1A9496EB0036F006 /* Images.xcassets */ = {isa = PBXFileReference; lastKnownFileType = folder.assetcatalog; path = Images.xcassets; sourceTree = "<group>"; };
		D0D2BAEF1A9496EB0036F006 /* Base */ = {isa = PBXFileReference; lastKnownFileType = file.xib; name = Base; path = Base.lproj/LaunchScreen.xib; sourceTree = "<group>"; };
		D0D2BB081A94E4150036F006 /* DGAuthViewController.h */ = {isa = PBXFileReference; fileEncoding = 4; lastKnownFileType = sourcecode.c.h; path = DGAuthViewController.h; sourceTree = "<group>"; };
		D0D2BB091A94E4150036F006 /* DGAuthViewController.m */ = {isa = PBXFileReference; fileEncoding = 4; lastKnownFileType = sourcecode.c.objc; path = DGAuthViewController.m; sourceTree = "<group>"; };
		D5B4E465F242D4778C0C08A3 /* Pods-DiscogsAPIDemo.release.xcconfig */ = {isa = PBXFileReference; includeInIndex = 1; lastKnownFileType = text.xcconfig; name = "Pods-DiscogsAPIDemo.release.xcconfig"; path = "Pods/Target Support Files/Pods-DiscogsAPIDemo/Pods-DiscogsAPIDemo.release.xcconfig"; sourceTree = "<group>"; };
/* End PBXFileReference section */

/* Begin PBXFrameworksBuildPhase section */
		D0D2BAD91A9496EB0036F006 /* Frameworks */ = {
			isa = PBXFrameworksBuildPhase;
			buildActionMask = 2147483647;
			files = (
				F6375D5ABDBDD5C048BAD60F /* libPods-DiscogsAPIDemo.a in Frameworks */,
			);
			runOnlyForDeploymentPostprocessing = 0;
		};
/* End PBXFrameworksBuildPhase section */

/* Begin PBXGroup section */
		0CEF4A4E74C9CDBF83299E03 /* Frameworks */ = {
			isa = PBXGroup;
			children = (
				BD88873B4D8D29D19D1516D7 /* libPods-DiscogsAPIDemo.a */,
			);
			name = Frameworks;
			sourceTree = "<group>";
		};
		8B8B5CA58B5EA10A0E217EBA /* Pods */ = {
			isa = PBXGroup;
			children = (
				A35CD8BD0B229857D5DEAD8C /* Pods-DiscogsAPIDemo.debug.xcconfig */,
				D5B4E465F242D4778C0C08A3 /* Pods-DiscogsAPIDemo.release.xcconfig */,
			);
			name = Pods;
			sourceTree = "<group>";
		};
		D0D2BAD31A9496EB0036F006 = {
			isa = PBXGroup;
			children = (
				D0D2BADE1A9496EB0036F006 /* DiscogsAPIDemo */,
				D0D2BADD1A9496EB0036F006 /* Products */,
				8B8B5CA58B5EA10A0E217EBA /* Pods */,
				0CEF4A4E74C9CDBF83299E03 /* Frameworks */,
			);
			sourceTree = "<group>";
		};
		D0D2BADD1A9496EB0036F006 /* Products */ = {
			isa = PBXGroup;
			children = (
				D0D2BADC1A9496EB0036F006 /* DiscogsAPIDemo.app */,
			);
			name = Products;
			sourceTree = "<group>";
		};
		D0D2BADE1A9496EB0036F006 /* DiscogsAPIDemo */ = {
			isa = PBXGroup;
			children = (
				D0D2BAE31A9496EB0036F006 /* DGAppDelegate.h */,
				D0D2BAE41A9496EB0036F006 /* DGAppDelegate.m */,
				D0D2BAE61A9496EB0036F006 /* DGSearchViewController.h */,
				D0D2BAE71A9496EB0036F006 /* DGSearchViewController.m */,
				D0D2BB081A94E4150036F006 /* DGAuthViewController.h */,
				D0D2BB091A94E4150036F006 /* DGAuthViewController.m */,
				D0D2BAEC1A9496EB0036F006 /* Images.xcassets */,
				D0D2BAEE1A9496EB0036F006 /* LaunchScreen.xib */,
				D0D2BADF1A9496EB0036F006 /* Supporting Files */,
			);
			path = DiscogsAPIDemo;
			sourceTree = "<group>";
		};
		D0D2BADF1A9496EB0036F006 /* Supporting Files */ = {
			isa = PBXGroup;
			children = (
				D0D2BAE01A9496EB0036F006 /* Info.plist */,
				D0D2BAE11A9496EB0036F006 /* main.m */,
			);
			name = "Supporting Files";
			sourceTree = "<group>";
		};
/* End PBXGroup section */

/* Begin PBXNativeTarget section */
		D0D2BADB1A9496EB0036F006 /* DiscogsAPIDemo */ = {
			isa = PBXNativeTarget;
			buildConfigurationList = D0D2BAFF1A9496EB0036F006 /* Build configuration list for PBXNativeTarget "DiscogsAPIDemo" */;
			buildPhases = (
				6194ED0A87E48379FD18C358 /* Check Pods Manifest.lock */,
				D0D2BAD81A9496EB0036F006 /* Sources */,
				D0D2BAD91A9496EB0036F006 /* Frameworks */,
				D0D2BADA1A9496EB0036F006 /* Resources */,
				681BF76E03B04F4D175F7E08 /* Copy Pods Resources */,
			);
			buildRules = (
			);
			dependencies = (
			);
			name = DiscogsAPIDemo;
			productName = DiscogsAPIDemo;
			productReference = D0D2BADC1A9496EB0036F006 /* DiscogsAPIDemo.app */;
			productType = "com.apple.product-type.application";
		};
/* End PBXNativeTarget section */

/* Begin PBXProject section */
		D0D2BAD41A9496EB0036F006 /* Project object */ = {
			isa = PBXProject;
			attributes = {
				CLASSPREFIX = DG;
				LastUpgradeCheck = 0610;
				ORGANIZATIONNAME = "Maxime Epain";
				TargetAttributes = {
					D0D2BADB1A9496EB0036F006 = {
						CreatedOnToolsVersion = 6.1.1;
						DevelopmentTeam = C75GEDTP26;
					};
				};
			};
			buildConfigurationList = D0D2BAD71A9496EB0036F006 /* Build configuration list for PBXProject "DiscogsAPIDemo" */;
			compatibilityVersion = "Xcode 3.2";
			developmentRegion = English;
			hasScannedForEncodings = 0;
			knownRegions = (
				en,
				Base,
			);
			mainGroup = D0D2BAD31A9496EB0036F006;
			productRefGroup = D0D2BADD1A9496EB0036F006 /* Products */;
			projectDirPath = "";
			projectRoot = "";
			targets = (
				D0D2BADB1A9496EB0036F006 /* DiscogsAPIDemo */,
			);
		};
/* End PBXProject section */

/* Begin PBXResourcesBuildPhase section */
		D0D2BADA1A9496EB0036F006 /* Resources */ = {
			isa = PBXResourcesBuildPhase;
			buildActionMask = 2147483647;
			files = (
				D0D2BAF01A9496EB0036F006 /* LaunchScreen.xib in Resources */,
				D0D2BAED1A9496EB0036F006 /* Images.xcassets in Resources */,
			);
			runOnlyForDeploymentPostprocessing = 0;
		};
/* End PBXResourcesBuildPhase section */

/* Begin PBXShellScriptBuildPhase section */
		6194ED0A87E48379FD18C358 /* Check Pods Manifest.lock */ = {
			isa = PBXShellScriptBuildPhase;
			buildActionMask = 2147483647;
			files = (
			);
			inputPaths = (
			);
			name = "Check Pods Manifest.lock";
			outputPaths = (
			);
			runOnlyForDeploymentPostprocessing = 0;
			shellPath = /bin/sh;
			shellScript = "diff \"${PODS_ROOT}/../Podfile.lock\" \"${PODS_ROOT}/Manifest.lock\" > /dev/null\nif [[ $? != 0 ]] ; then\n    cat << EOM\nerror: The sandbox is not in sync with the Podfile.lock. Run 'pod install' or update your CocoaPods installation.\nEOM\n    exit 1\nfi\n";
			showEnvVarsInLog = 0;
		};
		681BF76E03B04F4D175F7E08 /* Copy Pods Resources */ = {
			isa = PBXShellScriptBuildPhase;
			buildActionMask = 2147483647;
			files = (
			);
			inputPaths = (
			);
			name = "Copy Pods Resources";
			outputPaths = (
			);
			runOnlyForDeploymentPostprocessing = 0;
			shellPath = /bin/sh;
			shellScript = "\"${SRCROOT}/Pods/Target Support Files/Pods-DiscogsAPIDemo/Pods-DiscogsAPIDemo-resources.sh\"\n";
			showEnvVarsInLog = 0;
		};
/* End PBXShellScriptBuildPhase section */

/* Begin PBXSourcesBuildPhase section */
		D0D2BAD81A9496EB0036F006 /* Sources */ = {
			isa = PBXSourcesBuildPhase;
			buildActionMask = 2147483647;
			files = (
				D0D2BAE81A9496EB0036F006 /* DGSearchViewController.m in Sources */,
				D0D2BB0A1A94E4150036F006 /* DGAuthViewController.m in Sources */,
				D0D2BAE51A9496EB0036F006 /* DGAppDelegate.m in Sources */,
				D0D2BAE21A9496EB0036F006 /* main.m in Sources */,
			);
			runOnlyForDeploymentPostprocessing = 0;
		};
/* End PBXSourcesBuildPhase section */

/* Begin PBXVariantGroup section */
		D0D2BAEE1A9496EB0036F006 /* LaunchScreen.xib */ = {
			isa = PBXVariantGroup;
			children = (
				D0D2BAEF1A9496EB0036F006 /* Base */,
			);
			name = LaunchScreen.xib;
			sourceTree = "<group>";
		};
/* End PBXVariantGroup section */

/* Begin XCBuildConfiguration section */
		D0D2BAFD1A9496EB0036F006 /* Debug */ = {
			isa = XCBuildConfiguration;
			buildSettings = {
				ALWAYS_SEARCH_USER_PATHS = NO;
				CLANG_CXX_LANGUAGE_STANDARD = "gnu++0x";
				CLANG_CXX_LIBRARY = "libc++";
				CLANG_ENABLE_MODULES = YES;
				CLANG_ENABLE_OBJC_ARC = YES;
				CLANG_WARN_BOOL_CONVERSION = YES;
				CLANG_WARN_CONSTANT_CONVERSION = YES;
				CLANG_WARN_DIRECT_OBJC_ISA_USAGE = YES_ERROR;
				CLANG_WARN_EMPTY_BODY = YES;
				CLANG_WARN_ENUM_CONVERSION = YES;
				CLANG_WARN_INT_CONVERSION = YES;
				CLANG_WARN_OBJC_ROOT_CLASS = YES_ERROR;
				CLANG_WARN_UNREACHABLE_CODE = YES;
				CLANG_WARN__DUPLICATE_METHOD_MATCH = YES;
				"CODE_SIGN_IDENTITY[sdk=iphoneos*]" = "iPhone Developer";
				COPY_PHASE_STRIP = NO;
				ENABLE_STRICT_OBJC_MSGSEND = YES;
				GCC_C_LANGUAGE_STANDARD = gnu99;
				GCC_DYNAMIC_NO_PIC = NO;
				GCC_OPTIMIZATION_LEVEL = 0;
				GCC_PREPROCESSOR_DEFINITIONS = (
					"DEBUG=1",
					"$(inherited)",
				);
				GCC_SYMBOLS_PRIVATE_EXTERN = NO;
				GCC_WARN_64_TO_32_BIT_CONVERSION = YES;
				GCC_WARN_ABOUT_RETURN_TYPE = YES_ERROR;
				GCC_WARN_UNDECLARED_SELECTOR = YES;
				GCC_WARN_UNINITIALIZED_AUTOS = YES_AGGRESSIVE;
				GCC_WARN_UNUSED_FUNCTION = YES;
				GCC_WARN_UNUSED_VARIABLE = YES;
				IPHONEOS_DEPLOYMENT_TARGET = 8.1;
				MTL_ENABLE_DEBUG_INFO = YES;
				ONLY_ACTIVE_ARCH = YES;
				SDKROOT = iphoneos;
			};
			name = Debug;
		};
		D0D2BAFE1A9496EB0036F006 /* Release */ = {
			isa = XCBuildConfiguration;
			buildSettings = {
				ALWAYS_SEARCH_USER_PATHS = NO;
				CLANG_CXX_LANGUAGE_STANDARD = "gnu++0x";
				CLANG_CXX_LIBRARY = "libc++";
				CLANG_ENABLE_MODULES = YES;
				CLANG_ENABLE_OBJC_ARC = YES;
				CLANG_WARN_BOOL_CONVERSION = YES;
				CLANG_WARN_CONSTANT_CONVERSION = YES;
				CLANG_WARN_DIRECT_OBJC_ISA_USAGE = YES_ERROR;
				CLANG_WARN_EMPTY_BODY = YES;
				CLANG_WARN_ENUM_CONVERSION = YES;
				CLANG_WARN_INT_CONVERSION = YES;
				CLANG_WARN_OBJC_ROOT_CLASS = YES_ERROR;
				CLANG_WARN_UNREACHABLE_CODE = YES;
				CLANG_WARN__DUPLICATE_METHOD_MATCH = YES;
				"CODE_SIGN_IDENTITY[sdk=iphoneos*]" = "iPhone Developer";
				COPY_PHASE_STRIP = YES;
				ENABLE_NS_ASSERTIONS = NO;
				ENABLE_STRICT_OBJC_MSGSEND = YES;
				GCC_C_LANGUAGE_STANDARD = gnu99;
				GCC_WARN_64_TO_32_BIT_CONVERSION = YES;
				GCC_WARN_ABOUT_RETURN_TYPE = YES_ERROR;
				GCC_WARN_UNDECLARED_SELECTOR = YES;
				GCC_WARN_UNINITIALIZED_AUTOS = YES_AGGRESSIVE;
				GCC_WARN_UNUSED_FUNCTION = YES;
				GCC_WARN_UNUSED_VARIABLE = YES;
				IPHONEOS_DEPLOYMENT_TARGET = 8.1;
				MTL_ENABLE_DEBUG_INFO = NO;
				SDKROOT = iphoneos;
				VALIDATE_PRODUCT = YES;
			};
			name = Release;
		};
		D0D2BB001A9496EB0036F006 /* Debug */ = {
			isa = XCBuildConfiguration;
			baseConfigurationReference = A35CD8BD0B229857D5DEAD8C /* Pods-DiscogsAPIDemo.debug.xcconfig */;
			buildSettings = {
				ASSETCATALOG_COMPILER_APPICON_NAME = AppIcon;
				CODE_SIGN_IDENTITY = "iPhone Developer";
				INFOPLIST_FILE = DiscogsAPIDemo/Info.plist;
				LD_RUNPATH_SEARCH_PATHS = "$(inherited) @executable_path/Frameworks";
				PRODUCT_NAME = "$(TARGET_NAME)";
			};
			name = Debug;
		};
		D0D2BB011A9496EB0036F006 /* Release */ = {
			isa = XCBuildConfiguration;
			baseConfigurationReference = D5B4E465F242D4778C0C08A3 /* Pods-DiscogsAPIDemo.release.xcconfig */;
			buildSettings = {
				ASSETCATALOG_COMPILER_APPICON_NAME = AppIcon;
				CODE_SIGN_IDENTITY = "iPhone Developer";
				INFOPLIST_FILE = DiscogsAPIDemo/Info.plist;
				LD_RUNPATH_SEARCH_PATHS = "$(inherited) @executable_path/Frameworks";
				PRODUCT_NAME = "$(TARGET_NAME)";
			};
			name = Release;
		};
/* End XCBuildConfiguration section */

/* Begin XCConfigurationList section */
		D0D2BAD71A9496EB0036F006 /* Build configuration list for PBXProject "DiscogsAPIDemo" */ = {
			isa = XCConfigurationList;
			buildConfigurations = (
				D0D2BAFD1A9496EB0036F006 /* Debug */,
				D0D2BAFE1A9496EB0036F006 /* Release */,
			);
			defaultConfigurationIsVisible = 0;
			defaultConfigurationName = Release;
		};
		D0D2BAFF1A9496EB0036F006 /* Build configuration list for PBXNativeTarget "DiscogsAPIDemo" */ = {
			isa = XCConfigurationList;
			buildConfigurations = (
				D0D2BB001A9496EB0036F006 /* Debug */,
				D0D2BB011A9496EB0036F006 /* Release */,
			);
			defaultConfigurationIsVisible = 0;
			defaultConfigurationName = Release;
		};
/* End XCConfigurationList section */
	};
	rootObject = D0D2BAD41A9496EB0036F006 /* Project object */;
}
