// !$*UTF8*$!
{
	archiveVersion = 1;
	classes = {
	};
	objectVersion = 46;
	objects = {

/* Begin PBXAggregateTarget section */
		D0D2BA661A93615E0036F006 /* Documentation */ = {
			isa = PBXAggregateTarget;
			buildConfigurationList = D0D2BA671A93615E0036F006 /* Build configuration list for PBXAggregateTarget "Documentation" */;
			buildPhases = (
				D0D2BA6A1A9361660036F006 /* ShellScript */,
			);
			dependencies = (
			);
			name = Documentation;
			productName = Documentation;
		};
/* End PBXAggregateTarget section */

/* Begin PBXBuildFile section */
		B8C56D171E1BC9F4CF06CC99 /* libPods-DiscogsAPI.a in Frameworks */ = {isa = PBXBuildFile; fileRef = 836A7531BFDA02ED91254DDC /* libPods-DiscogsAPI.a */; };
		D03C257B1A933F96000B4785 /* DGEndpoint.m in Sources */ = {isa = PBXBuildFile; fileRef = D03C25781A933F96000B4785 /* DGEndpoint.m */; };
		D03C257C1A933F96000B4785 /* DGObject.m in Sources */ = {isa = PBXBuildFile; fileRef = D03C257A1A933F96000B4785 /* DGObject.m */; };
		D03C25EF1A934551000B4785 /* DGArtist.m in Sources */ = {isa = PBXBuildFile; fileRef = D03C25831A934551000B4785 /* DGArtist.m */; };
		D03C25F01A934551000B4785 /* DGArtistRelease.m in Sources */ = {isa = PBXBuildFile; fileRef = D03C25851A934551000B4785 /* DGArtistRelease.m */; };
		D03C25F11A934551000B4785 /* DGMember.m in Sources */ = {isa = PBXBuildFile; fileRef = D03C25871A934551000B4785 /* DGMember.m */; };
		D03C25F21A934551000B4785 /* DGCommunity.m in Sources */ = {isa = PBXBuildFile; fileRef = D03C258A1A934551000B4785 /* DGCommunity.m */; };
		D03C25F31A934551000B4785 /* DGImage.m in Sources */ = {isa = PBXBuildFile; fileRef = D03C258C1A934551000B4785 /* DGImage.m */; };
		D03C25F41A934551000B4785 /* DGTrack.m in Sources */ = {isa = PBXBuildFile; fileRef = D03C258E1A934551000B4785 /* DGTrack.m */; };
		D03C25F51A934551000B4785 /* DGVideo.m in Sources */ = {isa = PBXBuildFile; fileRef = D03C25901A934551000B4785 /* DGVideo.m */; };
		D03C25F61A934551000B4785 /* DGDatabase.m in Sources */ = {isa = PBXBuildFile; fileRef = D03C25921A934551000B4785 /* DGDatabase.m */; };
		D03C25F71A934551000B4785 /* DGPagination.m in Sources */ = {isa = PBXBuildFile; fileRef = D03C25941A934551000B4785 /* DGPagination.m */; };
		D03C25F81A934551000B4785 /* DGLabel.m in Sources */ = {isa = PBXBuildFile; fileRef = D03C25971A934551000B4785 /* DGLabel.m */; };
		D03C25F91A934551000B4785 /* DGLabelRelease.m in Sources */ = {isa = PBXBuildFile; fileRef = D03C25991A934551000B4785 /* DGLabelRelease.m */; };
		D03C25FA1A934551000B4785 /* DGMaster.m in Sources */ = {isa = PBXBuildFile; fileRef = D03C259C1A934551000B4785 /* DGMaster.m */; };
		D03C25FB1A934551000B4785 /* DGMasterVersion.m in Sources */ = {isa = PBXBuildFile; fileRef = D03C259E1A934551000B4785 /* DGMasterVersion.m */; };
		D03C25FC1A934551000B4785 /* DGRelease.m in Sources */ = {isa = PBXBuildFile; fileRef = D03C25A11A934551000B4785 /* DGRelease.m */; };
		D03C25FD1A934551000B4785 /* DGSearch.m in Sources */ = {isa = PBXBuildFile; fileRef = D03C25A41A934551000B4785 /* DGSearch.m */; };
		D03C25FE1A934551000B4785 /* DGArtist+Mapping.m in Sources */ = {isa = PBXBuildFile; fileRef = D03C25A91A934551000B4785 /* DGArtist+Mapping.m */; };
		D03C25FF1A934551000B4785 /* DGArtistRelease+Mapping.m in Sources */ = {isa = PBXBuildFile; fileRef = D03C25AB1A934551000B4785 /* DGArtistRelease+Mapping.m */; };
		D03C26001A934551000B4785 /* DGMember+Mapping.m in Sources */ = {isa = PBXBuildFile; fileRef = D03C25AD1A934551000B4785 /* DGMember+Mapping.m */; };
		D03C26011A934551000B4785 /* DGCommunity+Mapping.m in Sources */ = {isa = PBXBuildFile; fileRef = D03C25B01A934551000B4785 /* DGCommunity+Mapping.m */; };
		D03C26021A934551000B4785 /* DGImage+Mapping.m in Sources */ = {isa = PBXBuildFile; fileRef = D03C25B21A934551000B4785 /* DGImage+Mapping.m */; };
		D03C26031A934551000B4785 /* DGTrack+Mapping.m in Sources */ = {isa = PBXBuildFile; fileRef = D03C25B41A934551000B4785 /* DGTrack+Mapping.m */; };
		D03C26041A934551000B4785 /* DGVideo+Mapping.m in Sources */ = {isa = PBXBuildFile; fileRef = D03C25B61A934551000B4785 /* DGVideo+Mapping.m */; };
		D03C26051A934551000B4785 /* DGPagination+Mapping.m in Sources */ = {isa = PBXBuildFile; fileRef = D03C25B81A934551000B4785 /* DGPagination+Mapping.m */; };
		D03C26061A934551000B4785 /* DGLabel+Mapping.m in Sources */ = {isa = PBXBuildFile; fileRef = D03C25BB1A934551000B4785 /* DGLabel+Mapping.m */; };
		D03C26071A934551000B4785 /* DGLabelRelease+Mapping.m in Sources */ = {isa = PBXBuildFile; fileRef = D03C25BD1A934551000B4785 /* DGLabelRelease+Mapping.m */; };
		D03C26081A934551000B4785 /* DGMaster+Mapping.m in Sources */ = {isa = PBXBuildFile; fileRef = D03C25C01A934551000B4785 /* DGMaster+Mapping.m */; };
		D03C26091A934551000B4785 /* DGMasterVersion+Mapping.m in Sources */ = {isa = PBXBuildFile; fileRef = D03C25C21A934551000B4785 /* DGMasterVersion+Mapping.m */; };
		D03C260A1A934551000B4785 /* DGRelease+Mapping.m in Sources */ = {isa = PBXBuildFile; fileRef = D03C25C51A934551000B4785 /* DGRelease+Mapping.m */; };
		D03C260B1A934551000B4785 /* DGSearch+Mapping.m in Sources */ = {isa = PBXBuildFile; fileRef = D03C25C81A934551000B4785 /* DGSearch+Mapping.m */; };
		D03C260C1A934551000B4785 /* DGEndpoint+ Configuration.m in Sources */ = {isa = PBXBuildFile; fileRef = D03C25C91A934551000B4785 /* DGEndpoint+ Configuration.m */; };
		D03C260D1A934551000B4785 /* DGCollection+Mapping.m in Sources */ = {isa = PBXBuildFile; fileRef = D03C25CE1A934551000B4785 /* DGCollection+Mapping.m */; };
		D03C260E1A934551000B4785 /* DGCollectionRelease+Mapping.m in Sources */ = {isa = PBXBuildFile; fileRef = D03C25D01A934551000B4785 /* DGCollectionRelease+Mapping.m */; };
		D03C260F1A934551000B4785 /* DGReleaseInstance+Mapping.m in Sources */ = {isa = PBXBuildFile; fileRef = D03C25D21A934551000B4785 /* DGReleaseInstance+Mapping.m */; };
		D03C26101A934551000B4785 /* DGIdentity+Mapping.m in Sources */ = {isa = PBXBuildFile; fileRef = D03C25D51A934551000B4785 /* DGIdentity+Mapping.m */; };
		D03C26111A934551000B4785 /* DGProfile+Mapping.m in Sources */ = {isa = PBXBuildFile; fileRef = D03C25D81A934551000B4785 /* DGProfile+Mapping.m */; };
		D03C26121A934551000B4785 /* DGWantlist+Mapping.m in Sources */ = {isa = PBXBuildFile; fileRef = D03C25DB1A934551000B4785 /* DGWantlist+Mapping.m */; };
		D03C26131A934551000B4785 /* DGCollection.m in Sources */ = {isa = PBXBuildFile; fileRef = D03C25DF1A934551000B4785 /* DGCollection.m */; };
		D03C26141A934551000B4785 /* DGCollectionRelease.m in Sources */ = {isa = PBXBuildFile; fileRef = D03C25E11A934551000B4785 /* DGCollectionRelease.m */; };
		D03C26151A934551000B4785 /* DGReleaseInstance.m in Sources */ = {isa = PBXBuildFile; fileRef = D03C25E31A934551000B4785 /* DGReleaseInstance.m */; };
		D03C26161A934551000B4785 /* DGUser.m in Sources */ = {isa = PBXBuildFile; fileRef = D03C25E51A934551000B4785 /* DGUser.m */; };
		D03C26171A934551000B4785 /* DGIdentity.m in Sources */ = {isa = PBXBuildFile; fileRef = D03C25E81A934551000B4785 /* DGIdentity.m */; };
		D03C26181A934551000B4785 /* DGProfile.m in Sources */ = {isa = PBXBuildFile; fileRef = D03C25EB1A934551000B4785 /* DGProfile.m */; };
		D03C26191A934551000B4785 /* DGWantlist.m in Sources */ = {isa = PBXBuildFile; fileRef = D03C25EE1A934551000B4785 /* DGWantlist.m */; };
		D0D2BA6E1A93B1EC0036F006 /* DGResource.m in Sources */ = {isa = PBXBuildFile; fileRef = D0D2BA6D1A93B1EC0036F006 /* DGResource.m */; };
		D0E32EA01A933BF10034A6FD /* DiscogsAPI.h in CopyFiles */ = {isa = PBXBuildFile; fileRef = D0E32E9F1A933BF10034A6FD /* DiscogsAPI.h */; };
		D0E32EA21A933BF10034A6FD /* DiscogsAPI.m in Sources */ = {isa = PBXBuildFile; fileRef = D0E32EA11A933BF10034A6FD /* DiscogsAPI.m */; };
		D0E32EA81A933BF10034A6FD /* libDiscogsAPI.a in Frameworks */ = {isa = PBXBuildFile; fileRef = D0E32E9C1A933BF10034A6FD /* libDiscogsAPI.a */; };
		D0E32EBD1A933C800034A6FD /* DGAuthentication.m in Sources */ = {isa = PBXBuildFile; fileRef = D0E32EB81A933C800034A6FD /* DGAuthentication.m */; };
		D0E32EBE1A933C800034A6FD /* DGAuthView.m in Sources */ = {isa = PBXBuildFile; fileRef = D0E32EBA1A933C800034A6FD /* DGAuthView.m */; };
		D0E32EBF1A933C800034A6FD /* DGTokenStore.m in Sources */ = {isa = PBXBuildFile; fileRef = D0E32EBC1A933C800034A6FD /* DGTokenStore.m */; };
/* End PBXBuildFile section */

/* Begin PBXContainerItemProxy section */
		D0E32EA91A933BF10034A6FD /* PBXContainerItemProxy */ = {
			isa = PBXContainerItemProxy;
			containerPortal = D0E32E941A933BF10034A6FD /* Project object */;
			proxyType = 1;
			remoteGlobalIDString = D0E32E9B1A933BF10034A6FD;
			remoteInfo = DiscogsAPI;
		};
/* End PBXContainerItemProxy section */

/* Begin PBXCopyFilesBuildPhase section */
		D0E32E9A1A933BF10034A6FD /* CopyFiles */ = {
			isa = PBXCopyFilesBuildPhase;
			buildActionMask = 2147483647;
			dstPath = "include/$(PRODUCT_NAME)";
			dstSubfolderSpec = 16;
			files = (
				D0E32EA01A933BF10034A6FD /* DiscogsAPI.h in CopyFiles */,
			);
			runOnlyForDeploymentPostprocessing = 0;
		};
/* End PBXCopyFilesBuildPhase section */

/* Begin PBXFileReference section */
		818EE97FD52D4DA4F3959FF9 /* Pods-DiscogsAPI.debug.xcconfig */ = {isa = PBXFileReference; includeInIndex = 1; lastKnownFileType = text.xcconfig; name = "Pods-DiscogsAPI.debug.xcconfig"; path = "Pods/Target Support Files/Pods-DiscogsAPI/Pods-DiscogsAPI.debug.xcconfig"; sourceTree = "<group>"; };
		836A7531BFDA02ED91254DDC /* libPods-DiscogsAPI.a */ = {isa = PBXFileReference; explicitFileType = archive.ar; includeInIndex = 0; path = "libPods-DiscogsAPI.a"; sourceTree = BUILT_PRODUCTS_DIR; };
		B81B3B6A72E71920B665F86C /* Pods-DiscogsAPI.release.xcconfig */ = {isa = PBXFileReference; includeInIndex = 1; lastKnownFileType = text.xcconfig; name = "Pods-DiscogsAPI.release.xcconfig"; path = "Pods/Target Support Files/Pods-DiscogsAPI/Pods-DiscogsAPI.release.xcconfig"; sourceTree = "<group>"; };
		D03C25771A933F96000B4785 /* DGEndpoint.h */ = {isa = PBXFileReference; fileEncoding = 4; lastKnownFileType = sourcecode.c.h; path = DGEndpoint.h; sourceTree = "<group>"; };
		D03C25781A933F96000B4785 /* DGEndpoint.m */ = {isa = PBXFileReference; fileEncoding = 4; lastKnownFileType = sourcecode.c.objc; path = DGEndpoint.m; sourceTree = "<group>"; };
		D03C25791A933F96000B4785 /* DGObject.h */ = {isa = PBXFileReference; fileEncoding = 4; lastKnownFileType = sourcecode.c.h; path = DGObject.h; sourceTree = "<group>"; };
		D03C257A1A933F96000B4785 /* DGObject.m */ = {isa = PBXFileReference; fileEncoding = 4; lastKnownFileType = sourcecode.c.objc; path = DGObject.m; sourceTree = "<group>"; };
		D03C25821A934551000B4785 /* DGArtist.h */ = {isa = PBXFileReference; fileEncoding = 4; lastKnownFileType = sourcecode.c.h; path = DGArtist.h; sourceTree = "<group>"; };
		D03C25831A934551000B4785 /* DGArtist.m */ = {isa = PBXFileReference; fileEncoding = 4; lastKnownFileType = sourcecode.c.objc; path = DGArtist.m; sourceTree = "<group>"; };
		D03C25841A934551000B4785 /* DGArtistRelease.h */ = {isa = PBXFileReference; fileEncoding = 4; lastKnownFileType = sourcecode.c.h; path = DGArtistRelease.h; sourceTree = "<group>"; };
		D03C25851A934551000B4785 /* DGArtistRelease.m */ = {isa = PBXFileReference; fileEncoding = 4; lastKnownFileType = sourcecode.c.objc; path = DGArtistRelease.m; sourceTree = "<group>"; };
		D03C25861A934551000B4785 /* DGMember.h */ = {isa = PBXFileReference; fileEncoding = 4; lastKnownFileType = sourcecode.c.h; path = DGMember.h; sourceTree = "<group>"; };
		D03C25871A934551000B4785 /* DGMember.m */ = {isa = PBXFileReference; fileEncoding = 4; lastKnownFileType = sourcecode.c.objc; path = DGMember.m; sourceTree = "<group>"; };
		D03C25891A934551000B4785 /* DGCommunity.h */ = {isa = PBXFileReference; fileEncoding = 4; lastKnownFileType = sourcecode.c.h; path = DGCommunity.h; sourceTree = "<group>"; };
		D03C258A1A934551000B4785 /* DGCommunity.m */ = {isa = PBXFileReference; fileEncoding = 4; lastKnownFileType = sourcecode.c.objc; path = DGCommunity.m; sourceTree = "<group>"; };
		D03C258B1A934551000B4785 /* DGImage.h */ = {isa = PBXFileReference; fileEncoding = 4; lastKnownFileType = sourcecode.c.h; path = DGImage.h; sourceTree = "<group>"; };
		D03C258C1A934551000B4785 /* DGImage.m */ = {isa = PBXFileReference; fileEncoding = 4; lastKnownFileType = sourcecode.c.objc; path = DGImage.m; sourceTree = "<group>"; };
		D03C258D1A934551000B4785 /* DGTrack.h */ = {isa = PBXFileReference; fileEncoding = 4; lastKnownFileType = sourcecode.c.h; path = DGTrack.h; sourceTree = "<group>"; };
		D03C258E1A934551000B4785 /* DGTrack.m */ = {isa = PBXFileReference; fileEncoding = 4; lastKnownFileType = sourcecode.c.objc; path = DGTrack.m; sourceTree = "<group>"; };
		D03C258F1A934551000B4785 /* DGVideo.h */ = {isa = PBXFileReference; fileEncoding = 4; lastKnownFileType = sourcecode.c.h; path = DGVideo.h; sourceTree = "<group>"; };
		D03C25901A934551000B4785 /* DGVideo.m */ = {isa = PBXFileReference; fileEncoding = 4; lastKnownFileType = sourcecode.c.objc; path = DGVideo.m; sourceTree = "<group>"; };
		D03C25911A934551000B4785 /* DGDatabase.h */ = {isa = PBXFileReference; fileEncoding = 4; lastKnownFileType = sourcecode.c.h; path = DGDatabase.h; sourceTree = "<group>"; };
		D03C25921A934551000B4785 /* DGDatabase.m */ = {isa = PBXFileReference; fileEncoding = 4; lastKnownFileType = sourcecode.c.objc; path = DGDatabase.m; sourceTree = "<group>"; };
		D03C25931A934551000B4785 /* DGPagination.h */ = {isa = PBXFileReference; fileEncoding = 4; lastKnownFileType = sourcecode.c.h; path = DGPagination.h; sourceTree = "<group>"; };
		D03C25941A934551000B4785 /* DGPagination.m */ = {isa = PBXFileReference; fileEncoding = 4; lastKnownFileType = sourcecode.c.objc; path = DGPagination.m; sourceTree = "<group>"; };
		D03C25961A934551000B4785 /* DGLabel.h */ = {isa = PBXFileReference; fileEncoding = 4; lastKnownFileType = sourcecode.c.h; path = DGLabel.h; sourceTree = "<group>"; };
		D03C25971A934551000B4785 /* DGLabel.m */ = {isa = PBXFileReference; fileEncoding = 4; lastKnownFileType = sourcecode.c.objc; path = DGLabel.m; sourceTree = "<group>"; };
		D03C25981A934551000B4785 /* DGLabelRelease.h */ = {isa = PBXFileReference; fileEncoding = 4; lastKnownFileType = sourcecode.c.h; path = DGLabelRelease.h; sourceTree = "<group>"; };
		D03C25991A934551000B4785 /* DGLabelRelease.m */ = {isa = PBXFileReference; fileEncoding = 4; lastKnownFileType = sourcecode.c.objc; path = DGLabelRelease.m; sourceTree = "<group>"; };
		D03C259B1A934551000B4785 /* DGMaster.h */ = {isa = PBXFileReference; fileEncoding = 4; lastKnownFileType = sourcecode.c.h; path = DGMaster.h; sourceTree = "<group>"; };
		D03C259C1A934551000B4785 /* DGMaster.m */ = {isa = PBXFileReference; fileEncoding = 4; lastKnownFileType = sourcecode.c.objc; path = DGMaster.m; sourceTree = "<group>"; };
		D03C259D1A934551000B4785 /* DGMasterVersion.h */ = {isa = PBXFileReference; fileEncoding = 4; lastKnownFileType = sourcecode.c.h; path = DGMasterVersion.h; sourceTree = "<group>"; };
		D03C259E1A934551000B4785 /* DGMasterVersion.m */ = {isa = PBXFileReference; fileEncoding = 4; lastKnownFileType = sourcecode.c.objc; path = DGMasterVersion.m; sourceTree = "<group>"; };
		D03C25A01A934551000B4785 /* DGRelease.h */ = {isa = PBXFileReference; fileEncoding = 4; lastKnownFileType = sourcecode.c.h; path = DGRelease.h; sourceTree = "<group>"; };
		D03C25A11A934551000B4785 /* DGRelease.m */ = {isa = PBXFileReference; fileEncoding = 4; lastKnownFileType = sourcecode.c.objc; path = DGRelease.m; sourceTree = "<group>"; };
		D03C25A31A934551000B4785 /* DGSearch.h */ = {isa = PBXFileReference; fileEncoding = 4; lastKnownFileType = sourcecode.c.h; path = DGSearch.h; sourceTree = "<group>"; };
		D03C25A41A934551000B4785 /* DGSearch.m */ = {isa = PBXFileReference; fileEncoding = 4; lastKnownFileType = sourcecode.c.objc; path = DGSearch.m; sourceTree = "<group>"; };
		D03C25A81A934551000B4785 /* DGArtist+Mapping.h */ = {isa = PBXFileReference; fileEncoding = 4; lastKnownFileType = sourcecode.c.h; path = "DGArtist+Mapping.h"; sourceTree = "<group>"; };
		D03C25A91A934551000B4785 /* DGArtist+Mapping.m */ = {isa = PBXFileReference; fileEncoding = 4; lastKnownFileType = sourcecode.c.objc; path = "DGArtist+Mapping.m"; sourceTree = "<group>"; };
		D03C25AA1A934551000B4785 /* DGArtistRelease+Mapping.h */ = {isa = PBXFileReference; fileEncoding = 4; lastKnownFileType = sourcecode.c.h; path = "DGArtistRelease+Mapping.h"; sourceTree = "<group>"; };
		D03C25AB1A934551000B4785 /* DGArtistRelease+Mapping.m */ = {isa = PBXFileReference; fileEncoding = 4; lastKnownFileType = sourcecode.c.objc; path = "DGArtistRelease+Mapping.m"; sourceTree = "<group>"; };
		D03C25AC1A934551000B4785 /* DGMember+Mapping.h */ = {isa = PBXFileReference; fileEncoding = 4; lastKnownFileType = sourcecode.c.h; path = "DGMember+Mapping.h"; sourceTree = "<group>"; };
		D03C25AD1A934551000B4785 /* DGMember+Mapping.m */ = {isa = PBXFileReference; fileEncoding = 4; lastKnownFileType = sourcecode.c.objc; path = "DGMember+Mapping.m"; sourceTree = "<group>"; };
		D03C25AF1A934551000B4785 /* DGCommunity+Mapping.h */ = {isa = PBXFileReference; fileEncoding = 4; lastKnownFileType = sourcecode.c.h; path = "DGCommunity+Mapping.h"; sourceTree = "<group>"; };
		D03C25B01A934551000B4785 /* DGCommunity+Mapping.m */ = {isa = PBXFileReference; fileEncoding = 4; lastKnownFileType = sourcecode.c.objc; path = "DGCommunity+Mapping.m"; sourceTree = "<group>"; };
		D03C25B11A934551000B4785 /* DGImage+Mapping.h */ = {isa = PBXFileReference; fileEncoding = 4; lastKnownFileType = sourcecode.c.h; path = "DGImage+Mapping.h"; sourceTree = "<group>"; };
		D03C25B21A934551000B4785 /* DGImage+Mapping.m */ = {isa = PBXFileReference; fileEncoding = 4; lastKnownFileType = sourcecode.c.objc; path = "DGImage+Mapping.m"; sourceTree = "<group>"; };
		D03C25B31A934551000B4785 /* DGTrack+Mapping.h */ = {isa = PBXFileReference; fileEncoding = 4; lastKnownFileType = sourcecode.c.h; path = "DGTrack+Mapping.h"; sourceTree = "<group>"; };
		D03C25B41A934551000B4785 /* DGTrack+Mapping.m */ = {isa = PBXFileReference; fileEncoding = 4; lastKnownFileType = sourcecode.c.objc; path = "DGTrack+Mapping.m"; sourceTree = "<group>"; };
		D03C25B51A934551000B4785 /* DGVideo+Mapping.h */ = {isa = PBXFileReference; fileEncoding = 4; lastKnownFileType = sourcecode.c.h; path = "DGVideo+Mapping.h"; sourceTree = "<group>"; };
		D03C25B61A934551000B4785 /* DGVideo+Mapping.m */ = {isa = PBXFileReference; fileEncoding = 4; lastKnownFileType = sourcecode.c.objc; path = "DGVideo+Mapping.m"; sourceTree = "<group>"; };
		D03C25B71A934551000B4785 /* DGPagination+Mapping.h */ = {isa = PBXFileReference; fileEncoding = 4; lastKnownFileType = sourcecode.c.h; path = "DGPagination+Mapping.h"; sourceTree = "<group>"; };
		D03C25B81A934551000B4785 /* DGPagination+Mapping.m */ = {isa = PBXFileReference; fileEncoding = 4; lastKnownFileType = sourcecode.c.objc; path = "DGPagination+Mapping.m"; sourceTree = "<group>"; };
		D03C25BA1A934551000B4785 /* DGLabel+Mapping.h */ = {isa = PBXFileReference; fileEncoding = 4; lastKnownFileType = sourcecode.c.h; path = "DGLabel+Mapping.h"; sourceTree = "<group>"; };
		D03C25BB1A934551000B4785 /* DGLabel+Mapping.m */ = {isa = PBXFileReference; fileEncoding = 4; lastKnownFileType = sourcecode.c.objc; path = "DGLabel+Mapping.m"; sourceTree = "<group>"; };
		D03C25BC1A934551000B4785 /* DGLabelRelease+Mapping.h */ = {isa = PBXFileReference; fileEncoding = 4; lastKnownFileType = sourcecode.c.h; path = "DGLabelRelease+Mapping.h"; sourceTree = "<group>"; };
		D03C25BD1A934551000B4785 /* DGLabelRelease+Mapping.m */ = {isa = PBXFileReference; fileEncoding = 4; lastKnownFileType = sourcecode.c.objc; path = "DGLabelRelease+Mapping.m"; sourceTree = "<group>"; };
		D03C25BF1A934551000B4785 /* DGMaster+Mapping.h */ = {isa = PBXFileReference; fileEncoding = 4; lastKnownFileType = sourcecode.c.h; path = "DGMaster+Mapping.h"; sourceTree = "<group>"; };
		D03C25C01A934551000B4785 /* DGMaster+Mapping.m */ = {isa = PBXFileReference; fileEncoding = 4; lastKnownFileType = sourcecode.c.objc; path = "DGMaster+Mapping.m"; sourceTree = "<group>"; };
		D03C25C11A934551000B4785 /* DGMasterVersion+Mapping.h */ = {isa = PBXFileReference; fileEncoding = 4; lastKnownFileType = sourcecode.c.h; path = "DGMasterVersion+Mapping.h"; sourceTree = "<group>"; };
		D03C25C21A934551000B4785 /* DGMasterVersion+Mapping.m */ = {isa = PBXFileReference; fileEncoding = 4; lastKnownFileType = sourcecode.c.objc; path = "DGMasterVersion+Mapping.m"; sourceTree = "<group>"; };
		D03C25C41A934551000B4785 /* DGRelease+Mapping.h */ = {isa = PBXFileReference; fileEncoding = 4; lastKnownFileType = sourcecode.c.h; path = "DGRelease+Mapping.h"; sourceTree = "<group>"; };
		D03C25C51A934551000B4785 /* DGRelease+Mapping.m */ = {isa = PBXFileReference; fileEncoding = 4; lastKnownFileType = sourcecode.c.objc; path = "DGRelease+Mapping.m"; sourceTree = "<group>"; };
		D03C25C71A934551000B4785 /* DGSearch+Mapping.h */ = {isa = PBXFileReference; fileEncoding = 4; lastKnownFileType = sourcecode.c.h; path = "DGSearch+Mapping.h"; sourceTree = "<group>"; };
		D03C25C81A934551000B4785 /* DGSearch+Mapping.m */ = {isa = PBXFileReference; fileEncoding = 4; lastKnownFileType = sourcecode.c.objc; path = "DGSearch+Mapping.m"; sourceTree = "<group>"; };
		D03C25C91A934551000B4785 /* DGEndpoint+ Configuration.m */ = {isa = PBXFileReference; fileEncoding = 4; lastKnownFileType = sourcecode.c.objc; path = "DGEndpoint+ Configuration.m"; sourceTree = "<group>"; };
		D03C25CA1A934551000B4785 /* DGEndpoint+Configuration.h */ = {isa = PBXFileReference; fileEncoding = 4; lastKnownFileType = sourcecode.c.h; path = "DGEndpoint+Configuration.h"; sourceTree = "<group>"; };
		D03C25CD1A934551000B4785 /* DGCollection+Mapping.h */ = {isa = PBXFileReference; fileEncoding = 4; lastKnownFileType = sourcecode.c.h; path = "DGCollection+Mapping.h"; sourceTree = "<group>"; };
		D03C25CE1A934551000B4785 /* DGCollection+Mapping.m */ = {isa = PBXFileReference; fileEncoding = 4; lastKnownFileType = sourcecode.c.objc; path = "DGCollection+Mapping.m"; sourceTree = "<group>"; };
		D03C25CF1A934551000B4785 /* DGCollectionRelease+Mapping.h */ = {isa = PBXFileReference; fileEncoding = 4; lastKnownFileType = sourcecode.c.h; path = "DGCollectionRelease+Mapping.h"; sourceTree = "<group>"; };
		D03C25D01A934551000B4785 /* DGCollectionRelease+Mapping.m */ = {isa = PBXFileReference; fileEncoding = 4; lastKnownFileType = sourcecode.c.objc; path = "DGCollectionRelease+Mapping.m"; sourceTree = "<group>"; };
		D03C25D11A934551000B4785 /* DGReleaseInstance+Mapping.h */ = {isa = PBXFileReference; fileEncoding = 4; lastKnownFileType = sourcecode.c.h; path = "DGReleaseInstance+Mapping.h"; sourceTree = "<group>"; };
		D03C25D21A934551000B4785 /* DGReleaseInstance+Mapping.m */ = {isa = PBXFileReference; fileEncoding = 4; lastKnownFileType = sourcecode.c.objc; path = "DGReleaseInstance+Mapping.m"; sourceTree = "<group>"; };
		D03C25D41A934551000B4785 /* DGIdentity+Mapping.h */ = {isa = PBXFileReference; fileEncoding = 4; lastKnownFileType = sourcecode.c.h; path = "DGIdentity+Mapping.h"; sourceTree = "<group>"; };
		D03C25D51A934551000B4785 /* DGIdentity+Mapping.m */ = {isa = PBXFileReference; fileEncoding = 4; lastKnownFileType = sourcecode.c.objc; path = "DGIdentity+Mapping.m"; sourceTree = "<group>"; };
		D03C25D71A934551000B4785 /* DGProfile+Mapping.h */ = {isa = PBXFileReference; fileEncoding = 4; lastKnownFileType = sourcecode.c.h; path = "DGProfile+Mapping.h"; sourceTree = "<group>"; };
		D03C25D81A934551000B4785 /* DGProfile+Mapping.m */ = {isa = PBXFileReference; fileEncoding = 4; lastKnownFileType = sourcecode.c.objc; path = "DGProfile+Mapping.m"; sourceTree = "<group>"; };
		D03C25DA1A934551000B4785 /* DGWantlist+Mapping.h */ = {isa = PBXFileReference; fileEncoding = 4; lastKnownFileType = sourcecode.c.h; path = "DGWantlist+Mapping.h"; sourceTree = "<group>"; };
		D03C25DB1A934551000B4785 /* DGWantlist+Mapping.m */ = {isa = PBXFileReference; fileEncoding = 4; lastKnownFileType = sourcecode.c.objc; path = "DGWantlist+Mapping.m"; sourceTree = "<group>"; };
		D03C25DE1A934551000B4785 /* DGCollection.h */ = {isa = PBXFileReference; fileEncoding = 4; lastKnownFileType = sourcecode.c.h; path = DGCollection.h; sourceTree = "<group>"; };
		D03C25DF1A934551000B4785 /* DGCollection.m */ = {isa = PBXFileReference; fileEncoding = 4; lastKnownFileType = sourcecode.c.objc; path = DGCollection.m; sourceTree = "<group>"; };
		D03C25E01A934551000B4785 /* DGCollectionRelease.h */ = {isa = PBXFileReference; fileEncoding = 4; lastKnownFileType = sourcecode.c.h; path = DGCollectionRelease.h; sourceTree = "<group>"; };
		D03C25E11A934551000B4785 /* DGCollectionRelease.m */ = {isa = PBXFileReference; fileEncoding = 4; lastKnownFileType = sourcecode.c.objc; path = DGCollectionRelease.m; sourceTree = "<group>"; };
		D03C25E21A934551000B4785 /* DGReleaseInstance.h */ = {isa = PBXFileReference; fileEncoding = 4; lastKnownFileType = sourcecode.c.h; path = DGReleaseInstance.h; sourceTree = "<group>"; };
		D03C25E31A934551000B4785 /* DGReleaseInstance.m */ = {isa = PBXFileReference; fileEncoding = 4; lastKnownFileType = sourcecode.c.objc; path = DGReleaseInstance.m; sourceTree = "<group>"; };
		D03C25E41A934551000B4785 /* DGUser.h */ = {isa = PBXFileReference; fileEncoding = 4; lastKnownFileType = sourcecode.c.h; path = DGUser.h; sourceTree = "<group>"; };
		D03C25E51A934551000B4785 /* DGUser.m */ = {isa = PBXFileReference; fileEncoding = 4; lastKnownFileType = sourcecode.c.objc; path = DGUser.m; sourceTree = "<group>"; };
		D03C25E71A934551000B4785 /* DGIdentity.h */ = {isa = PBXFileReference; fileEncoding = 4; lastKnownFileType = sourcecode.c.h; path = DGIdentity.h; sourceTree = "<group>"; };
		D03C25E81A934551000B4785 /* DGIdentity.m */ = {isa = PBXFileReference; fileEncoding = 4; lastKnownFileType = sourcecode.c.objc; path = DGIdentity.m; sourceTree = "<group>"; };
		D03C25EA1A934551000B4785 /* DGProfile.h */ = {isa = PBXFileReference; fileEncoding = 4; lastKnownFileType = sourcecode.c.h; path = DGProfile.h; sourceTree = "<group>"; };
		D03C25EB1A934551000B4785 /* DGProfile.m */ = {isa = PBXFileReference; fileEncoding = 4; lastKnownFileType = sourcecode.c.objc; path = DGProfile.m; sourceTree = "<group>"; };
		D03C25ED1A934551000B4785 /* DGWantlist.h */ = {isa = PBXFileReference; fileEncoding = 4; lastKnownFileType = sourcecode.c.h; path = DGWantlist.h; sourceTree = "<group>"; };
		D03C25EE1A934551000B4785 /* DGWantlist.m */ = {isa = PBXFileReference; fileEncoding = 4; lastKnownFileType = sourcecode.c.objc; path = DGWantlist.m; sourceTree = "<group>"; };
		D0D2BA6C1A93B1EC0036F006 /* DGResource.h */ = {isa = PBXFileReference; fileEncoding = 4; lastKnownFileType = sourcecode.c.h; path = DGResource.h; sourceTree = "<group>"; };
		D0D2BA6D1A93B1EC0036F006 /* DGResource.m */ = {isa = PBXFileReference; fileEncoding = 4; lastKnownFileType = sourcecode.c.objc; path = DGResource.m; sourceTree = "<group>"; };
		D0E32E9C1A933BF10034A6FD /* libDiscogsAPI.a */ = {isa = PBXFileReference; explicitFileType = archive.ar; includeInIndex = 0; path = libDiscogsAPI.a; sourceTree = BUILT_PRODUCTS_DIR; };
		D0E32E9F1A933BF10034A6FD /* DiscogsAPI.h */ = {isa = PBXFileReference; lastKnownFileType = sourcecode.c.h; path = DiscogsAPI.h; sourceTree = "<group>"; };
		D0E32EA11A933BF10034A6FD /* DiscogsAPI.m */ = {isa = PBXFileReference; lastKnownFileType = sourcecode.c.objc; path = DiscogsAPI.m; sourceTree = "<group>"; };
		D0E32EA71A933BF10034A6FD /* DiscogsAPITests.xctest */ = {isa = PBXFileReference; explicitFileType = wrapper.cfbundle; includeInIndex = 0; path = DiscogsAPITests.xctest; sourceTree = BUILT_PRODUCTS_DIR; };
		D0E32EAD1A933BF10034A6FD /* Info.plist */ = {isa = PBXFileReference; lastKnownFileType = text.plist.xml; path = Info.plist; sourceTree = "<group>"; };
		D0E32EB71A933C800034A6FD /* DGAuthentication.h */ = {isa = PBXFileReference; fileEncoding = 4; lastKnownFileType = sourcecode.c.h; path = DGAuthentication.h; sourceTree = "<group>"; };
		D0E32EB81A933C800034A6FD /* DGAuthentication.m */ = {isa = PBXFileReference; fileEncoding = 4; lastKnownFileType = sourcecode.c.objc; path = DGAuthentication.m; sourceTree = "<group>"; };
		D0E32EB91A933C800034A6FD /* DGAuthView.h */ = {isa = PBXFileReference; fileEncoding = 4; lastKnownFileType = sourcecode.c.h; path = DGAuthView.h; sourceTree = "<group>"; };
		D0E32EBA1A933C800034A6FD /* DGAuthView.m */ = {isa = PBXFileReference; fileEncoding = 4; lastKnownFileType = sourcecode.c.objc; path = DGAuthView.m; sourceTree = "<group>"; };
		D0E32EBB1A933C800034A6FD /* DGTokenStore.h */ = {isa = PBXFileReference; fileEncoding = 4; lastKnownFileType = sourcecode.c.h; path = DGTokenStore.h; sourceTree = "<group>"; };
		D0E32EBC1A933C800034A6FD /* DGTokenStore.m */ = {isa = PBXFileReference; fileEncoding = 4; lastKnownFileType = sourcecode.c.objc; path = DGTokenStore.m; sourceTree = "<group>"; };
/* End PBXFileReference section */

/* Begin PBXFrameworksBuildPhase section */
		D0E32E991A933BF10034A6FD /* Frameworks */ = {
			isa = PBXFrameworksBuildPhase;
			buildActionMask = 2147483647;
			files = (
				B8C56D171E1BC9F4CF06CC99 /* libPods-DiscogsAPI.a in Frameworks */,
			);
			runOnlyForDeploymentPostprocessing = 0;
		};
		D0E32EA41A933BF10034A6FD /* Frameworks */ = {
			isa = PBXFrameworksBuildPhase;
			buildActionMask = 2147483647;
			files = (
				D0E32EA81A933BF10034A6FD /* libDiscogsAPI.a in Frameworks */,
			);
			runOnlyForDeploymentPostprocessing = 0;
		};
/* End PBXFrameworksBuildPhase section */

/* Begin PBXGroup section */
		2DEF9101598A973E49E60E3D /* Pods */ = {
			isa = PBXGroup;
			children = (
				818EE97FD52D4DA4F3959FF9 /* Pods-DiscogsAPI.debug.xcconfig */,
				B81B3B6A72E71920B665F86C /* Pods-DiscogsAPI.release.xcconfig */,
			);
			name = Pods;
			sourceTree = "<group>";
		};
		B61CCDA83445E42BA4F6D0D3 /* Frameworks */ = {
			isa = PBXGroup;
			children = (
				836A7531BFDA02ED91254DDC /* libPods-DiscogsAPI.a */,
			);
			name = Frameworks;
			sourceTree = "<group>";
		};
		D03C25801A934551000B4785 /* Database */ = {
			isa = PBXGroup;
			children = (
				D03C25911A934551000B4785 /* DGDatabase.h */,
				D03C25921A934551000B4785 /* DGDatabase.m */,
				D03C25931A934551000B4785 /* DGPagination.h */,
				D03C25941A934551000B4785 /* DGPagination.m */,
				D03C25811A934551000B4785 /* Artist */,
				D03C25881A934551000B4785 /* Data */,
				D03C25951A934551000B4785 /* Label */,
				D03C259A1A934551000B4785 /* Master */,
				D03C259F1A934551000B4785 /* Release */,
				D03C25A21A934551000B4785 /* Search */,
			);
			path = Database;
			sourceTree = "<group>";
		};
		D03C25811A934551000B4785 /* Artist */ = {
			isa = PBXGroup;
			children = (
				D03C25821A934551000B4785 /* DGArtist.h */,
				D03C25831A934551000B4785 /* DGArtist.m */,
				D03C25841A934551000B4785 /* DGArtistRelease.h */,
				D03C25851A934551000B4785 /* DGArtistRelease.m */,
				D03C25861A934551000B4785 /* DGMember.h */,
				D03C25871A934551000B4785 /* DGMember.m */,
			);
			path = Artist;
			sourceTree = "<group>";
		};
		D03C25881A934551000B4785 /* Data */ = {
			isa = PBXGroup;
			children = (
				D03C25891A934551000B4785 /* DGCommunity.h */,
				D03C258A1A934551000B4785 /* DGCommunity.m */,
				D03C258B1A934551000B4785 /* DGImage.h */,
				D03C258C1A934551000B4785 /* DGImage.m */,
				D03C258D1A934551000B4785 /* DGTrack.h */,
				D03C258E1A934551000B4785 /* DGTrack.m */,
				D03C258F1A934551000B4785 /* DGVideo.h */,
				D03C25901A934551000B4785 /* DGVideo.m */,
			);
			path = Data;
			sourceTree = "<group>";
		};
		D03C25951A934551000B4785 /* Label */ = {
			isa = PBXGroup;
			children = (
				D03C25961A934551000B4785 /* DGLabel.h */,
				D03C25971A934551000B4785 /* DGLabel.m */,
				D03C25981A934551000B4785 /* DGLabelRelease.h */,
				D03C25991A934551000B4785 /* DGLabelRelease.m */,
			);
			path = Label;
			sourceTree = "<group>";
		};
		D03C259A1A934551000B4785 /* Master */ = {
			isa = PBXGroup;
			children = (
				D03C259B1A934551000B4785 /* DGMaster.h */,
				D03C259C1A934551000B4785 /* DGMaster.m */,
				D03C259D1A934551000B4785 /* DGMasterVersion.h */,
				D03C259E1A934551000B4785 /* DGMasterVersion.m */,
			);
			path = Master;
			sourceTree = "<group>";
		};
		D03C259F1A934551000B4785 /* Release */ = {
			isa = PBXGroup;
			children = (
				D03C25A01A934551000B4785 /* DGRelease.h */,
				D03C25A11A934551000B4785 /* DGRelease.m */,
			);
			path = Release;
			sourceTree = "<group>";
		};
		D03C25A21A934551000B4785 /* Search */ = {
			isa = PBXGroup;
			children = (
				D03C25A31A934551000B4785 /* DGSearch.h */,
				D03C25A41A934551000B4785 /* DGSearch.m */,
			);
			path = Search;
			sourceTree = "<group>";
		};
		D03C25A51A934551000B4785 /* Mapping */ = {
			isa = PBXGroup;
			children = (
				D03C25CA1A934551000B4785 /* DGEndpoint+Configuration.h */,
				D03C25C91A934551000B4785 /* DGEndpoint+ Configuration.m */,
				D03C25A61A934551000B4785 /* Database */,
				D03C25CB1A934551000B4785 /* User */,
			);
			path = Mapping;
			sourceTree = "<group>";
		};
		D03C25A61A934551000B4785 /* Database */ = {
			isa = PBXGroup;
			children = (
				D03C25B71A934551000B4785 /* DGPagination+Mapping.h */,
				D03C25B81A934551000B4785 /* DGPagination+Mapping.m */,
				D03C25A71A934551000B4785 /* Artist */,
				D03C25AE1A934551000B4785 /* Data */,
				D03C25B91A934551000B4785 /* Label */,
				D03C25BE1A934551000B4785 /* Master */,
				D03C25C31A934551000B4785 /* Release */,
				D03C25C61A934551000B4785 /* Search */,
			);
			path = Database;
			sourceTree = "<group>";
		};
		D03C25A71A934551000B4785 /* Artist */ = {
			isa = PBXGroup;
			children = (
				D03C25A81A934551000B4785 /* DGArtist+Mapping.h */,
				D03C25A91A934551000B4785 /* DGArtist+Mapping.m */,
				D03C25AA1A934551000B4785 /* DGArtistRelease+Mapping.h */,
				D03C25AB1A934551000B4785 /* DGArtistRelease+Mapping.m */,
				D03C25AC1A934551000B4785 /* DGMember+Mapping.h */,
				D03C25AD1A934551000B4785 /* DGMember+Mapping.m */,
			);
			path = Artist;
			sourceTree = "<group>";
		};
		D03C25AE1A934551000B4785 /* Data */ = {
			isa = PBXGroup;
			children = (
				D03C25AF1A934551000B4785 /* DGCommunity+Mapping.h */,
				D03C25B01A934551000B4785 /* DGCommunity+Mapping.m */,
				D03C25B11A934551000B4785 /* DGImage+Mapping.h */,
				D03C25B21A934551000B4785 /* DGImage+Mapping.m */,
				D03C25B31A934551000B4785 /* DGTrack+Mapping.h */,
				D03C25B41A934551000B4785 /* DGTrack+Mapping.m */,
				D03C25B51A934551000B4785 /* DGVideo+Mapping.h */,
				D03C25B61A934551000B4785 /* DGVideo+Mapping.m */,
			);
			path = Data;
			sourceTree = "<group>";
		};
		D03C25B91A934551000B4785 /* Label */ = {
			isa = PBXGroup;
			children = (
				D03C25BA1A934551000B4785 /* DGLabel+Mapping.h */,
				D03C25BB1A934551000B4785 /* DGLabel+Mapping.m */,
				D03C25BC1A934551000B4785 /* DGLabelRelease+Mapping.h */,
				D03C25BD1A934551000B4785 /* DGLabelRelease+Mapping.m */,
			);
			path = Label;
			sourceTree = "<group>";
		};
		D03C25BE1A934551000B4785 /* Master */ = {
			isa = PBXGroup;
			children = (
				D03C25BF1A934551000B4785 /* DGMaster+Mapping.h */,
				D03C25C01A934551000B4785 /* DGMaster+Mapping.m */,
				D03C25C11A934551000B4785 /* DGMasterVersion+Mapping.h */,
				D03C25C21A934551000B4785 /* DGMasterVersion+Mapping.m */,
			);
			path = Master;
			sourceTree = "<group>";
		};
		D03C25C31A934551000B4785 /* Release */ = {
			isa = PBXGroup;
			children = (
				D03C25C41A934551000B4785 /* DGRelease+Mapping.h */,
				D03C25C51A934551000B4785 /* DGRelease+Mapping.m */,
			);
			path = Release;
			sourceTree = "<group>";
		};
		D03C25C61A934551000B4785 /* Search */ = {
			isa = PBXGroup;
			children = (
				D03C25C71A934551000B4785 /* DGSearch+Mapping.h */,
				D03C25C81A934551000B4785 /* DGSearch+Mapping.m */,
			);
			path = Search;
			sourceTree = "<group>";
		};
		D03C25CB1A934551000B4785 /* User */ = {
			isa = PBXGroup;
			children = (
				D03C25CC1A934551000B4785 /* Collection */,
				D03C25D31A934551000B4785 /* Identity */,
				D03C25D61A934551000B4785 /* Profile */,
				D03C25D91A934551000B4785 /* Wantlist */,
			);
			path = User;
			sourceTree = "<group>";
		};
		D03C25CC1A934551000B4785 /* Collection */ = {
			isa = PBXGroup;
			children = (
				D03C25CD1A934551000B4785 /* DGCollection+Mapping.h */,
				D03C25CE1A934551000B4785 /* DGCollection+Mapping.m */,
				D03C25CF1A934551000B4785 /* DGCollectionRelease+Mapping.h */,
				D03C25D01A934551000B4785 /* DGCollectionRelease+Mapping.m */,
				D03C25D11A934551000B4785 /* DGReleaseInstance+Mapping.h */,
				D03C25D21A934551000B4785 /* DGReleaseInstance+Mapping.m */,
			);
			path = Collection;
			sourceTree = "<group>";
		};
		D03C25D31A934551000B4785 /* Identity */ = {
			isa = PBXGroup;
			children = (
				D03C25D41A934551000B4785 /* DGIdentity+Mapping.h */,
				D03C25D51A934551000B4785 /* DGIdentity+Mapping.m */,
			);
			path = Identity;
			sourceTree = "<group>";
		};
		D03C25D61A934551000B4785 /* Profile */ = {
			isa = PBXGroup;
			children = (
				D03C25D71A934551000B4785 /* DGProfile+Mapping.h */,
				D03C25D81A934551000B4785 /* DGProfile+Mapping.m */,
			);
			path = Profile;
			sourceTree = "<group>";
		};
		D03C25D91A934551000B4785 /* Wantlist */ = {
			isa = PBXGroup;
			children = (
				D03C25DA1A934551000B4785 /* DGWantlist+Mapping.h */,
				D03C25DB1A934551000B4785 /* DGWantlist+Mapping.m */,
			);
			path = Wantlist;
			sourceTree = "<group>";
		};
		D03C25DC1A934551000B4785 /* User */ = {
			isa = PBXGroup;
			children = (
				D03C25E41A934551000B4785 /* DGUser.h */,
				D03C25E51A934551000B4785 /* DGUser.m */,
				D03C25E61A934551000B4785 /* Identity */,
				D03C25E91A934551000B4785 /* Profile */,
				D03C25DD1A934551000B4785 /* Collection */,
				D03C25EC1A934551000B4785 /* Wantlist */,
			);
			path = User;
			sourceTree = "<group>";
		};
		D03C25DD1A934551000B4785 /* Collection */ = {
			isa = PBXGroup;
			children = (
				D03C25DE1A934551000B4785 /* DGCollection.h */,
				D03C25DF1A934551000B4785 /* DGCollection.m */,
				D03C25E01A934551000B4785 /* DGCollectionRelease.h */,
				D03C25E11A934551000B4785 /* DGCollectionRelease.m */,
				D03C25E21A934551000B4785 /* DGReleaseInstance.h */,
				D03C25E31A934551000B4785 /* DGReleaseInstance.m */,
			);
			path = Collection;
			sourceTree = "<group>";
		};
		D03C25E61A934551000B4785 /* Identity */ = {
			isa = PBXGroup;
			children = (
				D03C25E71A934551000B4785 /* DGIdentity.h */,
				D03C25E81A934551000B4785 /* DGIdentity.m */,
			);
			path = Identity;
			sourceTree = "<group>";
		};
		D03C25E91A934551000B4785 /* Profile */ = {
			isa = PBXGroup;
			children = (
				D03C25EA1A934551000B4785 /* DGProfile.h */,
				D03C25EB1A934551000B4785 /* DGProfile.m */,
			);
			path = Profile;
			sourceTree = "<group>";
		};
		D03C25EC1A934551000B4785 /* Wantlist */ = {
			isa = PBXGroup;
			children = (
				D03C25ED1A934551000B4785 /* DGWantlist.h */,
				D03C25EE1A934551000B4785 /* DGWantlist.m */,
			);
			path = Wantlist;
			sourceTree = "<group>";
		};
		D0D2BA6B1A93B1EC0036F006 /* Resource */ = {
			isa = PBXGroup;
			children = (
				D0D2BA6C1A93B1EC0036F006 /* DGResource.h */,
				D0D2BA6D1A93B1EC0036F006 /* DGResource.m */,
			);
			path = Resource;
			sourceTree = "<group>";
		};
		D0E32E931A933BF10034A6FD = {
			isa = PBXGroup;
			children = (
				D0E32E9E1A933BF10034A6FD /* DiscogsAPI */,
				D0E32EAB1A933BF10034A6FD /* DiscogsAPITests */,
				D0E32E9D1A933BF10034A6FD /* Products */,
				2DEF9101598A973E49E60E3D /* Pods */,
				B61CCDA83445E42BA4F6D0D3 /* Frameworks */,
			);
			sourceTree = "<group>";
		};
		D0E32E9D1A933BF10034A6FD /* Products */ = {
			isa = PBXGroup;
			children = (
				D0E32E9C1A933BF10034A6FD /* libDiscogsAPI.a */,
				D0E32EA71A933BF10034A6FD /* DiscogsAPITests.xctest */,
			);
			name = Products;
			sourceTree = "<group>";
		};
		D0E32E9E1A933BF10034A6FD /* DiscogsAPI */ = {
			isa = PBXGroup;
			children = (
				D0E32E9F1A933BF10034A6FD /* DiscogsAPI.h */,
				D0E32EA11A933BF10034A6FD /* DiscogsAPI.m */,
				D03C25771A933F96000B4785 /* DGEndpoint.h */,
				D03C25781A933F96000B4785 /* DGEndpoint.m */,
				D03C25791A933F96000B4785 /* DGObject.h */,
				D03C257A1A933F96000B4785 /* DGObject.m */,
				D0E32EB61A933C800034A6FD /* Authentication */,
				D03C25801A934551000B4785 /* Database */,
				D03C25DC1A934551000B4785 /* User */,
				D0D2BA6B1A93B1EC0036F006 /* Resource */,
				D03C25A51A934551000B4785 /* Mapping */,
			);
			path = DiscogsAPI;
			sourceTree = "<group>";
		};
		D0E32EAB1A933BF10034A6FD /* DiscogsAPITests */ = {
			isa = PBXGroup;
			children = (
				D0E32EAC1A933BF10034A6FD /* Supporting Files */,
			);
			path = DiscogsAPITests;
			sourceTree = "<group>";
		};
		D0E32EAC1A933BF10034A6FD /* Supporting Files */ = {
			isa = PBXGroup;
			children = (
				D0E32EAD1A933BF10034A6FD /* Info.plist */,
			);
			name = "Supporting Files";
			sourceTree = "<group>";
		};
		D0E32EB61A933C800034A6FD /* Authentication */ = {
			isa = PBXGroup;
			children = (
				D0E32EB71A933C800034A6FD /* DGAuthentication.h */,
				D0E32EB81A933C800034A6FD /* DGAuthentication.m */,
				D0E32EB91A933C800034A6FD /* DGAuthView.h */,
				D0E32EBA1A933C800034A6FD /* DGAuthView.m */,
				D0E32EBB1A933C800034A6FD /* DGTokenStore.h */,
				D0E32EBC1A933C800034A6FD /* DGTokenStore.m */,
			);
			path = Authentication;
			sourceTree = "<group>";
		};
/* End PBXGroup section */

/* Begin PBXNativeTarget section */
		D0E32E9B1A933BF10034A6FD /* DiscogsAPI */ = {
			isa = PBXNativeTarget;
			buildConfigurationList = D0E32EB01A933BF10034A6FD /* Build configuration list for PBXNativeTarget "DiscogsAPI" */;
			buildPhases = (
				52B42F7CD61C1EC65E726698 /* Check Pods Manifest.lock */,
				D0E32E981A933BF10034A6FD /* Sources */,
				D0E32E991A933BF10034A6FD /* Frameworks */,
				D0E32E9A1A933BF10034A6FD /* CopyFiles */,
				B8AD373E67447FCF19552C47 /* Copy Pods Resources */,
			);
			buildRules = (
			);
			dependencies = (
			);
			name = DiscogsAPI;
			productName = DiscogsAPI;
			productReference = D0E32E9C1A933BF10034A6FD /* libDiscogsAPI.a */;
			productType = "com.apple.product-type.library.static";
		};
		D0E32EA61A933BF10034A6FD /* DiscogsAPITests */ = {
			isa = PBXNativeTarget;
			buildConfigurationList = D0E32EB31A933BF10034A6FD /* Build configuration list for PBXNativeTarget "DiscogsAPITests" */;
			buildPhases = (
				D0E32EA31A933BF10034A6FD /* Sources */,
				D0E32EA41A933BF10034A6FD /* Frameworks */,
				D0E32EA51A933BF10034A6FD /* Resources */,
			);
			buildRules = (
			);
			dependencies = (
				D0E32EAA1A933BF10034A6FD /* PBXTargetDependency */,
			);
			name = DiscogsAPITests;
			productName = DiscogsAPITests;
			productReference = D0E32EA71A933BF10034A6FD /* DiscogsAPITests.xctest */;
			productType = "com.apple.product-type.bundle.unit-test";
		};
/* End PBXNativeTarget section */

/* Begin PBXProject section */
		D0E32E941A933BF10034A6FD /* Project object */ = {
			isa = PBXProject;
			attributes = {
				LastUpgradeCheck = 0610;
				ORGANIZATIONNAME = "Maxime Epain";
				TargetAttributes = {
					D0D2BA661A93615E0036F006 = {
						CreatedOnToolsVersion = 6.1.1;
					};
					D0E32E9B1A933BF10034A6FD = {
						CreatedOnToolsVersion = 6.1.1;
					};
					D0E32EA61A933BF10034A6FD = {
						CreatedOnToolsVersion = 6.1.1;
					};
				};
			};
			buildConfigurationList = D0E32E971A933BF10034A6FD /* Build configuration list for PBXProject "DiscogsAPI" */;
			compatibilityVersion = "Xcode 3.2";
			developmentRegion = English;
			hasScannedForEncodings = 0;
			knownRegions = (
				en,
			);
			mainGroup = D0E32E931A933BF10034A6FD;
			productRefGroup = D0E32E9D1A933BF10034A6FD /* Products */;
			projectDirPath = "";
			projectRoot = "";
			targets = (
				D0E32E9B1A933BF10034A6FD /* DiscogsAPI */,
				D0E32EA61A933BF10034A6FD /* DiscogsAPITests */,
				D0D2BA661A93615E0036F006 /* Documentation */,
			);
		};
/* End PBXProject section */

/* Begin PBXResourcesBuildPhase section */
		D0E32EA51A933BF10034A6FD /* Resources */ = {
			isa = PBXResourcesBuildPhase;
			buildActionMask = 2147483647;
			files = (
			);
			runOnlyForDeploymentPostprocessing = 0;
		};
/* End PBXResourcesBuildPhase section */

/* Begin PBXShellScriptBuildPhase section */
		52B42F7CD61C1EC65E726698 /* Check Pods Manifest.lock */ = {
			isa = PBXShellScriptBuildPhase;
			buildActionMask = 2147483647;
			files = (
			);
			inputPaths = (
			);
			name = "Check Pods Manifest.lock";
			outputPaths = (
			);
			runOnlyForDeploymentPostprocessing = 0;
			shellPath = /bin/sh;
			shellScript = "diff \"${PODS_ROOT}/../Podfile.lock\" \"${PODS_ROOT}/Manifest.lock\" > /dev/null\nif [[ $? != 0 ]] ; then\n    cat << EOM\nerror: The sandbox is not in sync with the Podfile.lock. Run 'pod install' or update your CocoaPods installation.\nEOM\n    exit 1\nfi\n";
			showEnvVarsInLog = 0;
		};
		B8AD373E67447FCF19552C47 /* Copy Pods Resources */ = {
			isa = PBXShellScriptBuildPhase;
			buildActionMask = 2147483647;
			files = (
			);
			inputPaths = (
			);
			name = "Copy Pods Resources";
			outputPaths = (
			);
			runOnlyForDeploymentPostprocessing = 0;
			shellPath = /bin/sh;
			shellScript = "\"${SRCROOT}/Pods/Target Support Files/Pods-DiscogsAPI/Pods-DiscogsAPI-resources.sh\"\n";
			showEnvVarsInLog = 0;
		};
		D0D2BA6A1A9361660036F006 /* ShellScript */ = {
			isa = PBXShellScriptBuildPhase;
			buildActionMask = 2147483647;
			files = (
			);
			inputPaths = (
			);
			outputPaths = (
			);
			runOnlyForDeploymentPostprocessing = 0;
			shellPath = /bin/sh;
			shellScript = "#appledoc Xcode script\n# Start constants\ncompany=\"maxime.epain\";\ncompanyID=\"fr.maxime.epain\";\ncompanyURL=\"https://github.com/maxep\";\ntarget=\"iphoneos\";\noutputPath=\"${PROJECT_DIR}/help\";\n# End constants\n/usr/local/bin/appledoc \\\n--project-name \"${PROJECT_NAME}\" \\\n--project-company \"${company}\" \\\n--company-id \"${companyID}\" \\\n--docset-atom-filename \"${company}.atom\" \\\n--docset-feed-url \"${companyURL}/${company}/%DOCSETATOMFILENAME\" \\\n--docset-package-url \"${companyURL}/${company}/%DOCSETPACKAGEFILENAME\" \\\n--docset-fallback-url \"${companyURL}/${company}\" \\\n--output \"${outputPath}\" \\\n--publish-docset \\\n--docset-platform-family \"${target}\" \\\n--logformat xcode \\\n--keep-intermediate-files \\\n--no-repeat-first-par \\\n--no-warn-invalid-crossref \\\n--exit-threshold 2 \\\n--ignore \".m\" \\\n--ignore \"Pods\" \\\n\"${PROJECT_DIR}\"";
		};
/* End PBXShellScriptBuildPhase section */

/* Begin PBXSourcesBuildPhase section */
		D0E32E981A933BF10034A6FD /* Sources */ = {
			isa = PBXSourcesBuildPhase;
			buildActionMask = 2147483647;
			files = (
				D0E32EBE1A933C800034A6FD /* DGAuthView.m in Sources */,
				D03C260B1A934551000B4785 /* DGSearch+Mapping.m in Sources */,
				D03C260E1A934551000B4785 /* DGCollectionRelease+Mapping.m in Sources */,
				D03C26141A934551000B4785 /* DGCollectionRelease.m in Sources */,
				D03C25F01A934551000B4785 /* DGArtistRelease.m in Sources */,
				D03C25F51A934551000B4785 /* DGVideo.m in Sources */,
				D0D2BA6E1A93B1EC0036F006 /* DGResource.m in Sources */,
				D0E32EBD1A933C800034A6FD /* DGAuthentication.m in Sources */,
				D0E32EBF1A933C800034A6FD /* DGTokenStore.m in Sources */,
				D03C25F11A934551000B4785 /* DGMember.m in Sources */,
				D03C26131A934551000B4785 /* DGCollection.m in Sources */,
				D03C25FD1A934551000B4785 /* DGSearch.m in Sources */,
				D03C260A1A934551000B4785 /* DGRelease+Mapping.m in Sources */,
				D03C25F81A934551000B4785 /* DGLabel.m in Sources */,
				D03C25FE1A934551000B4785 /* DGArtist+Mapping.m in Sources */,
				D03C26161A934551000B4785 /* DGUser.m in Sources */,
				D03C25FA1A934551000B4785 /* DGMaster.m in Sources */,
				D03C25FB1A934551000B4785 /* DGMasterVersion.m in Sources */,
				D03C26041A934551000B4785 /* DGVideo+Mapping.m in Sources */,
				D03C25F31A934551000B4785 /* DGImage.m in Sources */,
				D03C26111A934551000B4785 /* DGProfile+Mapping.m in Sources */,
				D03C260C1A934551000B4785 /* DGEndpoint+ Configuration.m in Sources */,
				D03C26191A934551000B4785 /* DGWantlist.m in Sources */,
				D03C257C1A933F96000B4785 /* DGObject.m in Sources */,
				D03C26121A934551000B4785 /* DGWantlist+Mapping.m in Sources */,
				D03C25F21A934551000B4785 /* DGCommunity.m in Sources */,
				D03C260D1A934551000B4785 /* DGCollection+Mapping.m in Sources */,
				D03C26021A934551000B4785 /* DGImage+Mapping.m in Sources */,
				D03C260F1A934551000B4785 /* DGReleaseInstance+Mapping.m in Sources */,
				D03C26011A934551000B4785 /* DGCommunity+Mapping.m in Sources */,
				D03C26081A934551000B4785 /* DGMaster+Mapping.m in Sources */,
				D03C25F41A934551000B4785 /* DGTrack.m in Sources */,
				D03C26091A934551000B4785 /* DGMasterVersion+Mapping.m in Sources */,
				D03C26061A934551000B4785 /* DGLabel+Mapping.m in Sources */,
				D03C26101A934551000B4785 /* DGIdentity+Mapping.m in Sources */,
				D03C257B1A933F96000B4785 /* DGEndpoint.m in Sources */,
				D03C26031A934551000B4785 /* DGTrack+Mapping.m in Sources */,
				D03C26071A934551000B4785 /* DGLabelRelease+Mapping.m in Sources */,
				D03C25F91A934551000B4785 /* DGLabelRelease.m in Sources */,
				D03C26001A934551000B4785 /* DGMember+Mapping.m in Sources */,
				D0E32EA21A933BF10034A6FD /* DiscogsAPI.m in Sources */,
				D03C25FC1A934551000B4785 /* DGRelease.m in Sources */,
				D03C26051A934551000B4785 /* DGPagination+Mapping.m in Sources */,
				D03C25F61A934551000B4785 /* DGDatabase.m in Sources */,
				D03C25F71A934551000B4785 /* DGPagination.m in Sources */,
				D03C26171A934551000B4785 /* DGIdentity.m in Sources */,
				D03C26151A934551000B4785 /* DGReleaseInstance.m in Sources */,
				D03C25FF1A934551000B4785 /* DGArtistRelease+Mapping.m in Sources */,
				D03C26181A934551000B4785 /* DGProfile.m in Sources */,
				D03C25EF1A934551000B4785 /* DGArtist.m in Sources */,
			);
			runOnlyForDeploymentPostprocessing = 0;
		};
		D0E32EA31A933BF10034A6FD /* Sources */ = {
			isa = PBXSourcesBuildPhase;
			buildActionMask = 2147483647;
			files = (
			);
			runOnlyForDeploymentPostprocessing = 0;
		};
/* End PBXSourcesBuildPhase section */

/* Begin PBXTargetDependency section */
		D0E32EAA1A933BF10034A6FD /* PBXTargetDependency */ = {
			isa = PBXTargetDependency;
			target = D0E32E9B1A933BF10034A6FD /* DiscogsAPI */;
			targetProxy = D0E32EA91A933BF10034A6FD /* PBXContainerItemProxy */;
		};
/* End PBXTargetDependency section */

/* Begin XCBuildConfiguration section */
		D0D2BA681A93615E0036F006 /* Debug */ = {
			isa = XCBuildConfiguration;
			buildSettings = {
				PRODUCT_NAME = "$(TARGET_NAME)";
			};
			name = Debug;
		};
		D0D2BA691A93615E0036F006 /* Release */ = {
			isa = XCBuildConfiguration;
			buildSettings = {
				PRODUCT_NAME = "$(TARGET_NAME)";
			};
			name = Release;
		};
		D0E32EAE1A933BF10034A6FD /* Debug */ = {
			isa = XCBuildConfiguration;
			buildSettings = {
				ALWAYS_SEARCH_USER_PATHS = NO;
				CLANG_CXX_LANGUAGE_STANDARD = "gnu++0x";
				CLANG_CXX_LIBRARY = "libc++";
				CLANG_ENABLE_MODULES = YES;
				CLANG_ENABLE_OBJC_ARC = YES;
				CLANG_WARN_BOOL_CONVERSION = YES;
				CLANG_WARN_CONSTANT_CONVERSION = YES;
				CLANG_WARN_DIRECT_OBJC_ISA_USAGE = YES_ERROR;
				CLANG_WARN_EMPTY_BODY = YES;
				CLANG_WARN_ENUM_CONVERSION = YES;
				CLANG_WARN_INT_CONVERSION = YES;
				CLANG_WARN_OBJC_ROOT_CLASS = YES_ERROR;
				CLANG_WARN_UNREACHABLE_CODE = YES;
				CLANG_WARN__DUPLICATE_METHOD_MATCH = YES;
				COPY_PHASE_STRIP = NO;
				ENABLE_STRICT_OBJC_MSGSEND = YES;
				GCC_C_LANGUAGE_STANDARD = gnu99;
				GCC_DYNAMIC_NO_PIC = NO;
				GCC_OPTIMIZATION_LEVEL = 0;
				GCC_PREPROCESSOR_DEFINITIONS = (
					"DEBUG=1",
					"$(inherited)",
				);
				GCC_SYMBOLS_PRIVATE_EXTERN = NO;
				GCC_WARN_64_TO_32_BIT_CONVERSION = YES;
				GCC_WARN_ABOUT_RETURN_TYPE = YES_ERROR;
				GCC_WARN_UNDECLARED_SELECTOR = YES;
				GCC_WARN_UNINITIALIZED_AUTOS = YES_AGGRESSIVE;
				GCC_WARN_UNUSED_FUNCTION = YES;
				GCC_WARN_UNUSED_VARIABLE = YES;
				IPHONEOS_DEPLOYMENT_TARGET = 8.1;
				MTL_ENABLE_DEBUG_INFO = YES;
				ONLY_ACTIVE_ARCH = YES;
				SDKROOT = iphoneos;
			};
			name = Debug;
		};
		D0E32EAF1A933BF10034A6FD /* Release */ = {
			isa = XCBuildConfiguration;
			buildSettings = {
				ALWAYS_SEARCH_USER_PATHS = NO;
				CLANG_CXX_LANGUAGE_STANDARD = "gnu++0x";
				CLANG_CXX_LIBRARY = "libc++";
				CLANG_ENABLE_MODULES = YES;
				CLANG_ENABLE_OBJC_ARC = YES;
				CLANG_WARN_BOOL_CONVERSION = YES;
				CLANG_WARN_CONSTANT_CONVERSION = YES;
				CLANG_WARN_DIRECT_OBJC_ISA_USAGE = YES_ERROR;
				CLANG_WARN_EMPTY_BODY = YES;
				CLANG_WARN_ENUM_CONVERSION = YES;
				CLANG_WARN_INT_CONVERSION = YES;
				CLANG_WARN_OBJC_ROOT_CLASS = YES_ERROR;
				CLANG_WARN_UNREACHABLE_CODE = YES;
				CLANG_WARN__DUPLICATE_METHOD_MATCH = YES;
				COPY_PHASE_STRIP = YES;
				ENABLE_NS_ASSERTIONS = NO;
				ENABLE_STRICT_OBJC_MSGSEND = YES;
				GCC_C_LANGUAGE_STANDARD = gnu99;
				GCC_WARN_64_TO_32_BIT_CONVERSION = YES;
				GCC_WARN_ABOUT_RETURN_TYPE = YES_ERROR;
				GCC_WARN_UNDECLARED_SELECTOR = YES;
				GCC_WARN_UNINITIALIZED_AUTOS = YES_AGGRESSIVE;
				GCC_WARN_UNUSED_FUNCTION = YES;
				GCC_WARN_UNUSED_VARIABLE = YES;
				IPHONEOS_DEPLOYMENT_TARGET = 8.1;
				MTL_ENABLE_DEBUG_INFO = NO;
				SDKROOT = iphoneos;
				VALIDATE_PRODUCT = YES;
			};
			name = Release;
		};
		D0E32EB11A933BF10034A6FD /* Debug */ = {
			isa = XCBuildConfiguration;
			baseConfigurationReference = 818EE97FD52D4DA4F3959FF9 /* Pods-DiscogsAPI.debug.xcconfig */;
			buildSettings = {
				GCC_PREFIX_HEADER = DiscogsAPI/DiscogsAPI.pch;
				OTHER_LDFLAGS = "$(inherited)";
				PRODUCT_NAME = "$(TARGET_NAME)";
				SKIP_INSTALL = YES;
			};
			name = Debug;
		};
		D0E32EB21A933BF10034A6FD /* Release */ = {
			isa = XCBuildConfiguration;
			baseConfigurationReference = B81B3B6A72E71920B665F86C /* Pods-DiscogsAPI.release.xcconfig */;
			buildSettings = {
				GCC_PREFIX_HEADER = DiscogsAPI/DiscogsAPI.pch;
				OTHER_LDFLAGS = "$(inherited)";
				PRODUCT_NAME = "$(TARGET_NAME)";
				SKIP_INSTALL = YES;
			};
			name = Release;
		};
		D0E32EB41A933BF10034A6FD /* Debug */ = {
			isa = XCBuildConfiguration;
			buildSettings = {
				FRAMEWORK_SEARCH_PATHS = (
					"$(SDKROOT)/Developer/Library/Frameworks",
					"$(inherited)",
				);
				GCC_PREPROCESSOR_DEFINITIONS = (
					"DEBUG=1",
					"$(inherited)",
				);
				INFOPLIST_FILE = DiscogsAPITests/Info.plist;
				LD_RUNPATH_SEARCH_PATHS = "$(inherited) @executable_path/Frameworks @loader_path/Frameworks";
				PRODUCT_NAME = "$(TARGET_NAME)";
			};
			name = Debug;
		};
		D0E32EB51A933BF10034A6FD /* Release */ = {
			isa = XCBuildConfiguration;
			buildSettings = {
				FRAMEWORK_SEARCH_PATHS = (
					"$(SDKROOT)/Developer/Library/Frameworks",
					"$(inherited)",
				);
				INFOPLIST_FILE = DiscogsAPITests/Info.plist;
				LD_RUNPATH_SEARCH_PATHS = "$(inherited) @executable_path/Frameworks @loader_path/Frameworks";
				PRODUCT_NAME = "$(TARGET_NAME)";
			};
			name = Release;
		};
/* End XCBuildConfiguration section */

/* Begin XCConfigurationList section */
		D0D2BA671A93615E0036F006 /* Build configuration list for PBXAggregateTarget "Documentation" */ = {
			isa = XCConfigurationList;
			buildConfigurations = (
				D0D2BA681A93615E0036F006 /* Debug */,
				D0D2BA691A93615E0036F006 /* Release */,
			);
			defaultConfigurationIsVisible = 0;
			defaultConfigurationName = Release;
		};
		D0E32E971A933BF10034A6FD /* Build configuration list for PBXProject "DiscogsAPI" */ = {
			isa = XCConfigurationList;
			buildConfigurations = (
				D0E32EAE1A933BF10034A6FD /* Debug */,
				D0E32EAF1A933BF10034A6FD /* Release */,
			);
			defaultConfigurationIsVisible = 0;
			defaultConfigurationName = Release;
		};
		D0E32EB01A933BF10034A6FD /* Build configuration list for PBXNativeTarget "DiscogsAPI" */ = {
			isa = XCConfigurationList;
			buildConfigurations = (
				D0E32EB11A933BF10034A6FD /* Debug */,
				D0E32EB21A933BF10034A6FD /* Release */,
			);
			defaultConfigurationIsVisible = 0;
			defaultConfigurationName = Release;
		};
		D0E32EB31A933BF10034A6FD /* Build configuration list for PBXNativeTarget "DiscogsAPITests" */ = {
			isa = XCConfigurationList;
			buildConfigurations = (
				D0E32EB41A933BF10034A6FD /* Debug */,
				D0E32EB51A933BF10034A6FD /* Release */,
			);
			defaultConfigurationIsVisible = 0;
			defaultConfigurationName = Release;
		};
/* End XCConfigurationList section */
	};
	rootObject = D0E32E941A933BF10034A6FD /* Project object */;
}
